
Microsoft Visual Studio Solution File, Format Version 12.00
# Visual Studio Version 16
VisualStudioVersion = 16.0.30804.86
MinimumVisualStudioVersion = 10.0.40219.1
Project("{8BC9CEB8-8B4A-11D0-8D11-00A0C91BC942}") = "PEedit", "PEedit\PEedit.vcxproj", "{D072C4AB-4654-4437-90CC-19B6B7E05AE0}"
	ProjectSection(ProjectDependencies) = postProject
		{C6FD3D28-5803-4371-A554-9C040253FA4F} = {C6FD3D28-5803-4371-A554-9C040253FA4F}
		{693C6FDB-62C0-48D3-B5B0-F85680BBE4E6} = {693C6FDB-62C0-48D3-B5B0-F85680BBE4E6}
	EndProjectSection
EndProject
Project("{8BC9CEB8-8B4A-11D0-8D11-00A0C91BC942}") = "PEDLL", "PEDLL\PEDLL.vcxproj", "{C6FD3D28-5803-4371-A554-9C040253FA4F}"
EndProject
Project("{8BC9CEB8-8B4A-11D0-8D11-00A0C91BC942}") = "LZMA_DECODE", "LZMA_DECODE\LZMA_DECODE.vcxproj", "{693C6FDB-62C0-48D3-B5B0-F85680BBE4E6}"
EndProject
Project("{8BC9CEB8-8B4A-11D0-8D11-00A0C91BC942}") = "Test", "Test\Test.vcxproj", "{5DA2EB55-FBC4-49AF-9A31-2F03C454C558}"
EndProject
Global
	GlobalSection(SolutionConfigurationPlatforms) = preSolution
		Debug|x64 = Debug|x64
		Debug|x86 = Debug|x86
		Release|x64 = Release|x64
		Release|x86 = Release|x86
	EndGlobalSection
	GlobalSection(ProjectConfigurationPlatforms) = postSolution
		{D072C4AB-4654-4437-90CC-19B6B7E05AE0}.Debug|x64.ActiveCfg = Debug|x64
		{D072C4AB-4654-4437-90CC-19B6B7E05AE0}.Debug|x64.Build.0 = Debug|x64
		{D072C4AB-4654-4437-90CC-19B6B7E05AE0}.Debug|x86.ActiveCfg = Debug|Win32
		{D072C4AB-4654-4437-90CC-19B6B7E05AE0}.Debug|x86.Build.0 = Debug|Win32
		{D072C4AB-4654-4437-90CC-19B6B7E05AE0}.Release|x64.ActiveCfg = Release|x64
		{D072C4AB-4654-4437-90CC-19B6B7E05AE0}.Release|x64.Build.0 = Release|x64
		{D072C4AB-4654-4437-90CC-19B6B7E05AE0}.Release|x86.ActiveCfg = Release|Win32
		{D072C4AB-4654-4437-90CC-19B6B7E05AE0}.Release|x86.Build.0 = Release|Win32
		{C6FD3D28-5803-4371-A554-9C040253FA4F}.Debug|x64.ActiveCfg = Debug|x64
		{C6FD3D28-5803-4371-A554-9C040253FA4F}.Debug|x64.Build.0 = Debug|x64
		{C6FD3D28-5803-4371-A554-9C040253FA4F}.Debug|x86.ActiveCfg = Debug|Win32
		{C6FD3D28-5803-4371-A554-9C040253FA4F}.Debug|x86.Build.0 = Debug|Win32
		{C6FD3D28-5803-4371-A554-9C040253FA4F}.Release|x64.ActiveCfg = Release|x64
		{C6FD3D28-5803-4371-A554-9C040253FA4F}.Release|x64.Build.0 = Release|x64
		{C6FD3D28-5803-4371-A554-9C040253FA4F}.Release|x86.ActiveCfg = Release|Win32
		{C6FD3D28-5803-4371-A554-9C040253FA4F}.Release|x86.Build.0 = Release|Win32
		{693C6FDB-62C0-48D3-B5B0-F85680BBE4E6}.Debug|x64.ActiveCfg = Debug|x64
		{693C6FDB-62C0-48D3-B5B0-F85680BBE4E6}.Debug|x64.Build.0 = Debug|x64
		{693C6FDB-62C0-48D3-B5B0-F85680BBE4E6}.Debug|x86.ActiveCfg = Debug|Win32
		{693C6FDB-62C0-48D3-B5B0-F85680BBE4E6}.Debug|x86.Build.0 = Debug|Win32
		{693C6FDB-62C0-48D3-B5B0-F85680BBE4E6}.Release|x64.ActiveCfg = Release|x64
		{693C6FDB-62C0-48D3-B5B0-F85680BBE4E6}.Release|x64.Build.0 = Release|x64
		{693C6FDB-62C0-48D3-B5B0-F85680BBE4E6}.Release|x86.ActiveCfg = Release|Win32
		{693C6FDB-62C0-48D3-B5B0-F85680BBE4E6}.Release|x86.Build.0 = Release|Win32
		{5DA2EB55-FBC4-49AF-9A31-2F03C454C558}.Debug|x64.ActiveCfg = Debug|x64
		{5DA2EB55-FBC4-49AF-9A31-2F03C454C558}.Debug|x64.Build.0 = Debug|x64
		{5DA2EB55-FBC4-49AF-9A31-2F03C454C558}.Debug|x86.ActiveCfg = Debug|Win32
		{5DA2EB55-FBC4-49AF-9A31-2F03C454C558}.Debug|x86.Build.0 = Debug|Win32
		{5DA2EB55-FBC4-49AF-9A31-2F03C454C558}.Release|x64.ActiveCfg = Release|x64
		{5DA2EB55-FBC4-49AF-9A31-2F03C454C558}.Release|x64.Build.0 = Release|x64
		{5DA2EB55-FBC4-49AF-9A31-2F03C454C558}.Release|x86.ActiveCfg = Release|Win32
		{5DA2EB55-FBC4-49AF-9A31-2F03C454C558}.Release|x86.Build.0 = Release|Win32
	EndGlobalSection
	GlobalSection(SolutionProperties) = preSolution
		HideSolutionNode = FALSE
	EndGlobalSection
	GlobalSection(ExtensibilityGlobals) = postSolution
		SolutionGuid = {39406D7D-124F-4EC2-AD1E-4814F67257DB}
	EndGlobalSection
EndGlobal
